Microsoft Visual Studio Solution File, Format Version 12.00
# Visual Studio 2013
VisualStudioVersion = 12.0.40629.0
MinimumVisualStudioVersion = 10.0.40219.1
Project("{FAE04EC0-301F-11D3-BF4B-00C04F79EFBC}") = "Netool", "netool\Netool.csproj", "{3A81ECAD-FDC9-4940-AE59-3019A62E7F3B}"
EndProject
Project("{FAE04EC0-301F-11D3-BF4B-00C04F79EFBC}") = "TestsOld", "TestsOld\TestsOld.csproj", "{BE24167B-4DCD-4E72-8603-4AAA040C538F}"
EndProject
Project("{FAE04EC0-301F-11D3-BF4B-00C04F79EFBC}") = "IPEndPointControl", "IPEndPointControl\IPEndPointControl\IPEndPointControl.csproj", "{4027CC4F-182C-49C9-BEF5-63AD7E1FFABC}"
EndProject
Project("{FAE04EC0-301F-11D3-BF4B-00C04F79EFBC}") = "libnetool", "libnetool\libnetool.csproj", "{7F2D2640-8401-4EE8-917F-B1AE3CCE51DB}"
EndProject
Project("{FAE04EC0-301F-11D3-BF4B-00C04F79EFBC}") = "http", "http\http.csproj", "{9423974E-A2D3-4C90-9967-04DF5A413D69}"
EndProject
Project("{FAE04EC0-301F-11D3-BF4B-00C04F79EFBC}") = "Tests", "Tests\Tests.csproj", "{2E3DF5C2-8A38-4A03-86D7-8D463C917E47}"
EndProject
Global
	GlobalSection(SolutionConfigurationPlatforms) = preSolution
		Debug|Any CPU = Debug|Any CPU
		Release|Any CPU = Release|Any CPU
	EndGlobalSection
	GlobalSection(ProjectConfigurationPlatforms) = postSolution
		{3A81ECAD-FDC9-4940-AE59-3019A62E7F3B}.Debug|Any CPU.ActiveCfg = Debug|Any CPU
		{3A81ECAD-FDC9-4940-AE59-3019A62E7F3B}.Debug|Any CPU.Build.0 = Debug|Any CPU
		{3A81ECAD-FDC9-4940-AE59-3019A62E7F3B}.Release|Any CPU.ActiveCfg = Release|Any CPU
		{3A81ECAD-FDC9-4940-AE59-3019A62E7F3B}.Release|Any CPU.Build.0 = Release|Any CPU
		{BE24167B-4DCD-4E72-8603-4AAA040C538F}.Debug|Any CPU.ActiveCfg = Debug|Any CPU
		{BE24167B-4DCD-4E72-8603-4AAA040C538F}.Debug|Any CPU.Build.0 = Debug|Any CPU
		{BE24167B-4DCD-4E72-8603-4AAA040C538F}.Release|Any CPU.ActiveCfg = Release|Any CPU
		{BE24167B-4DCD-4E72-8603-4AAA040C538F}.Release|Any CPU.Build.0 = Release|Any CPU
		{4027CC4F-182C-49C9-BEF5-63AD7E1FFABC}.Debug|Any CPU.ActiveCfg = Debug|Any CPU
		{4027CC4F-182C-49C9-BEF5-63AD7E1FFABC}.Debug|Any CPU.Build.0 = Debug|Any CPU
		{4027CC4F-182C-49C9-BEF5-63AD7E1FFABC}.Release|Any CPU.ActiveCfg = Release|Any CPU
		{4027CC4F-182C-49C9-BEF5-63AD7E1FFABC}.Release|Any CPU.Build.0 = Release|Any CPU
		{7F2D2640-8401-4EE8-917F-B1AE3CCE51DB}.Debug|Any CPU.ActiveCfg = Debug|Any CPU
		{7F2D2640-8401-4EE8-917F-B1AE3CCE51DB}.Debug|Any CPU.Build.0 = Debug|Any CPU
		{7F2D2640-8401-4EE8-917F-B1AE3CCE51DB}.Release|Any CPU.ActiveCfg = Release|Any CPU
		{7F2D2640-8401-4EE8-917F-B1AE3CCE51DB}.Release|Any CPU.Build.0 = Release|Any CPU
		{9423974E-A2D3-4C90-9967-04DF5A413D69}.Debug|Any CPU.ActiveCfg = Debug|Any CPU
		{9423974E-A2D3-4C90-9967-04DF5A413D69}.Debug|Any CPU.Build.0 = Debug|Any CPU
		{9423974E-A2D3-4C90-9967-04DF5A413D69}.Release|Any CPU.ActiveCfg = Release|Any CPU
		{9423974E-A2D3-4C90-9967-04DF5A413D69}.Release|Any CPU.Build.0 = Release|Any CPU
		{2E3DF5C2-8A38-4A03-86D7-8D463C917E47}.Debug|Any CPU.ActiveCfg = Debug|Any CPU
		{2E3DF5C2-8A38-4A03-86D7-8D463C917E47}.Debug|Any CPU.Build.0 = Debug|Any CPU
		{2E3DF5C2-8A38-4A03-86D7-8D463C917E47}.Release|Any CPU.ActiveCfg = Release|Any CPU
		{2E3DF5C2-8A38-4A03-86D7-8D463C917E47}.Release|Any CPU.Build.0 = Release|Any CPU
	EndGlobalSection
	GlobalSection(SolutionProperties) = preSolution
		HideSolutionNode = FALSE
	EndGlobalSection
EndGlobal
